
Microsoft Visual Studio Solution File, Format Version 12.00
# Visual Studio Version 16
VisualStudioVersion = 16.0.31005.135
MinimumVisualStudioVersion = 10.0.40219.1
Project("{FAE04EC0-301F-11D3-BF4B-00C04F79EFBC}") = "TodoApp", "TodoApp\TodoApp.csproj", "{2F0710CD-38C2-4F81-A1B8-74A31B06B332}"
EndProject
Project("{FAE04EC0-301F-11D3-BF4B-00C04F79EFBC}") = "TodoApp.Tests", "TodoApp.Tests\TodoApp.Tests.csproj", "{2CD8E41E-47D1-4A2F-88E8-1A7C51A91880}"
EndProject
Project("{FAE04EC0-301F-11D3-BF4B-00C04F79EFBC}") = "TodoApp.Domain", "TodoApp.Domain\TodoApp.Domain.csproj", "{A8ADE472-AD7F-4C40-848E-F8C103C9B15D}"
EndProject
Project("{FAE04EC0-301F-11D3-BF4B-00C04F79EFBC}") = "TodoApp.Data", "TodoApp.Data\TodoApp.Data.csproj", "{1FE2F0F2-3C20-43EB-A4F3-1F9B90CC4231}"
EndProject
Global
	GlobalSection(SolutionConfigurationPlatforms) = preSolution
		Debug|Any CPU = Debug|Any CPU
		Release|Any CPU = Release|Any CPU
	EndGlobalSection
	GlobalSection(ProjectConfigurationPlatforms) = postSolution
		{2F0710CD-38C2-4F81-A1B8-74A31B06B332}.Debug|Any CPU.ActiveCfg = Debug|Any CPU
		{2F0710CD-38C2-4F81-A1B8-74A31B06B332}.Debug|Any CPU.Build.0 = Debug|Any CPU
		{2F0710CD-38C2-4F81-A1B8-74A31B06B332}.Release|Any CPU.ActiveCfg = Release|Any CPU
		{2F0710CD-38C2-4F81-A1B8-74A31B06B332}.Release|Any CPU.Build.0 = Release|Any CPU
		{2CD8E41E-47D1-4A2F-88E8-1A7C51A91880}.Debug|Any CPU.ActiveCfg = Debug|Any CPU
		{2CD8E41E-47D1-4A2F-88E8-1A7C51A91880}.Debug|Any CPU.Build.0 = Debug|Any CPU
		{2CD8E41E-47D1-4A2F-88E8-1A7C51A91880}.Release|Any CPU.ActiveCfg = Release|Any CPU
		{2CD8E41E-47D1-4A2F-88E8-1A7C51A91880}.Release|Any CPU.Build.0 = Release|Any CPU
		{A8ADE472-AD7F-4C40-848E-F8C103C9B15D}.Debug|Any CPU.ActiveCfg = Debug|Any CPU
		{A8ADE472-AD7F-4C40-848E-F8C103C9B15D}.Debug|Any CPU.Build.0 = Debug|Any CPU
		{A8ADE472-AD7F-4C40-848E-F8C103C9B15D}.Release|Any CPU.ActiveCfg = Release|Any CPU
		{A8ADE472-AD7F-4C40-848E-F8C103C9B15D}.Release|Any CPU.Build.0 = Release|Any CPU
		{1FE2F0F2-3C20-43EB-A4F3-1F9B90CC4231}.Debug|Any CPU.ActiveCfg = Debug|Any CPU
		{1FE2F0F2-3C20-43EB-A4F3-1F9B90CC4231}.Debug|Any CPU.Build.0 = Debug|Any CPU
		{1FE2F0F2-3C20-43EB-A4F3-1F9B90CC4231}.Release|Any CPU.ActiveCfg = Release|Any CPU
		{1FE2F0F2-3C20-43EB-A4F3-1F9B90CC4231}.Release|Any CPU.Build.0 = Release|Any CPU
	EndGlobalSection
	GlobalSection(SolutionProperties) = preSolution
		HideSolutionNode = FALSE
	EndGlobalSection
	GlobalSection(ExtensibilityGlobals) = postSolution
		SolutionGuid = {92ED441A-BDFE-422C-8D99-925EB627836B}
	EndGlobalSection
EndGlobal
